
Microsoft Visual Studio Solution File, Format Version 12.00
# Visual Studio Version 17
VisualStudioVersion = 17.0.31903.59
MinimumVisualStudioVersion = 10.0.40219.1
Project("{FAE04EC0-301F-11D3-BF4B-00C04F79EFBC}") = "JobApplication.CoreLibrary", "JobApplication.CoreLibrary.csproj", "{D122AA5C-C0B9-4994-8979-94D7635C7EDB}"
EndProject
Global
	GlobalSection(SolutionConfigurationPlatforms) = preSolution
		Debug|Any CPU = Debug|Any CPU
		Release|Any CPU = Release|Any CPU
	EndGlobalSection
	GlobalSection(ProjectConfigurationPlatforms) = postSolution
		{D122AA5C-C0B9-4994-8979-94D7635C7EDB}.Debug|Any CPU.ActiveCfg = Debug|Any CPU
		{D122AA5C-C0B9-4994-8979-94D7635C7EDB}.Debug|Any CPU.Build.0 = Debug|Any CPU
		{D122AA5C-C0B9-4994-8979-94D7635C7EDB}.Release|Any CPU.ActiveCfg = Release|Any CPU
		{D122AA5C-C0B9-4994-8979-94D7635C7EDB}.Release|Any CPU.Build.0 = Release|Any CPU
	EndGlobalSection
	GlobalSection(SolutionProperties) = preSolution
		HideSolutionNode = FALSE
	EndGlobalSection
	GlobalSection(ExtensibilityGlobals) = postSolution
		SolutionGuid = {D2D53FDF-B235-4A27-BD50-17A382B40C1A}
	EndGlobalSection
EndGlobal
